
Microsoft Visual Studio Solution File, Format Version 12.00
# Visual Studio Version 17
VisualStudioVersion = 17.13.35931.197
MinimumVisualStudioVersion = 10.0.40219.1
Project("{FAE04EC0-301F-11D3-BF4B-00C04F79EFBC}") = "AITrackerAgent", "AITrackerAgent.csproj", "{1A5CF3A5-9CE7-4960-8E9A-063A2D80FF4A}"
EndProject
Project("{FAE04EC0-301F-11D3-BF4B-00C04F79EFBC}") = "Agent", "..\Agent\Agent.csproj", "{582C5664-B223-4CD5-89DF-496842B4B390}"
EndProject
Global
	GlobalSection(SolutionConfigurationPlatforms) = preSolution
		Debug|Any CPU = Debug|Any CPU
		Release|Any CPU = Release|Any CPU
	EndGlobalSection
	GlobalSection(ProjectConfigurationPlatforms) = postSolution
		{1A5CF3A5-9CE7-4960-8E9A-063A2D80FF4A}.Debug|Any CPU.ActiveCfg = Debug|Any CPU
		{1A5CF3A5-9CE7-4960-8E9A-063A2D80FF4A}.Debug|Any CPU.Build.0 = Debug|Any CPU
		{1A5CF3A5-9CE7-4960-8E9A-063A2D80FF4A}.Release|Any CPU.ActiveCfg = Release|Any CPU
		{1A5CF3A5-9CE7-4960-8E9A-063A2D80FF4A}.Release|Any CPU.Build.0 = Release|Any CPU
		{582C5664-B223-4CD5-89DF-496842B4B390}.Debug|Any CPU.ActiveCfg = Debug|Any CPU
		{582C5664-B223-4CD5-89DF-496842B4B390}.Debug|Any CPU.Build.0 = Debug|Any CPU
		{582C5664-B223-4CD5-89DF-496842B4B390}.Release|Any CPU.ActiveCfg = Release|Any CPU
		{582C5664-B223-4CD5-89DF-496842B4B390}.Release|Any CPU.Build.0 = Release|Any CPU
	EndGlobalSection
	GlobalSection(SolutionProperties) = preSolution
		HideSolutionNode = FALSE
	EndGlobalSection
	GlobalSection(ExtensibilityGlobals) = postSolution
		SolutionGuid = {427D85E4-C71F-4340-92A0-B4BF066F05D0}
	EndGlobalSection
EndGlobal
